
Microsoft Visual Studio Solution File, Format Version 12.00
# Visual Studio Version 16
VisualStudioVersion = 16.0.29025.244
MinimumVisualStudioVersion = 10.0.40219.1
Project("{FAE04EC0-301F-11D3-BF4B-00C04F79EFBC}") = "D35YNC.Notifications", "D35YNC.Notifications\D35YNC.Notifications.csproj", "{7F803731-3ECD-41E1-9992-6655B5F5A746}"
EndProject
Project("{FAE04EC0-301F-11D3-BF4B-00C04F79EFBC}") = "Demo", "Demo\Demo.csproj", "{BDF3D585-5F30-4034-9455-7CAAE032FBCE}"
EndProject
Global
	GlobalSection(SolutionConfigurationPlatforms) = preSolution
		Debug|Any CPU = Debug|Any CPU
		Release|Any CPU = Release|Any CPU
	EndGlobalSection
	GlobalSection(ProjectConfigurationPlatforms) = postSolution
		{7F803731-3ECD-41E1-9992-6655B5F5A746}.Debug|Any CPU.ActiveCfg = Debug|Any CPU
		{7F803731-3ECD-41E1-9992-6655B5F5A746}.Debug|Any CPU.Build.0 = Debug|Any CPU
		{7F803731-3ECD-41E1-9992-6655B5F5A746}.Release|Any CPU.ActiveCfg = Release|Any CPU
		{7F803731-3ECD-41E1-9992-6655B5F5A746}.Release|Any CPU.Build.0 = Release|Any CPU
		{BDF3D585-5F30-4034-9455-7CAAE032FBCE}.Debug|Any CPU.ActiveCfg = Debug|Any CPU
		{BDF3D585-5F30-4034-9455-7CAAE032FBCE}.Debug|Any CPU.Build.0 = Debug|Any CPU
		{BDF3D585-5F30-4034-9455-7CAAE032FBCE}.Release|Any CPU.ActiveCfg = Release|Any CPU
		{BDF3D585-5F30-4034-9455-7CAAE032FBCE}.Release|Any CPU.Build.0 = Release|Any CPU
	EndGlobalSection
	GlobalSection(SolutionProperties) = preSolution
		HideSolutionNode = FALSE
	EndGlobalSection
	GlobalSection(ExtensibilityGlobals) = postSolution
		SolutionGuid = {FADD41C8-0298-4CBF-8567-DDE701F9DFC8}
	EndGlobalSection
EndGlobal
